
Microsoft Visual Studio Solution File, Format Version 11.00
# Visual Studio 2010
Project("{FAE04EC0-301F-11D3-BF4B-00C04F79EFBC}") = "McClure_SurvivalShooter", "Assembly-CSharp.csproj", "{A92B6853-8285-7FD3-DF06-2C35B2B7D05D}"
EndProject
Project("{FAE04EC0-301F-11D3-BF4B-00C04F79EFBC}") = "McClure_SurvivalShooter", "Assembly-CSharp-Editor.csproj", "{32574AF4-DA95-4670-EF39-1CAD4B7FF22A}"
EndProject
Global
	GlobalSection(SolutionConfigurationPlatforms) = preSolution
		Debug|Any CPU = Debug|Any CPU
		Release|Any CPU = Release|Any CPU
	EndGlobalSection
	GlobalSection(ProjectConfigurationPlatforms) = postSolution
		{A92B6853-8285-7FD3-DF06-2C35B2B7D05D}.Debug|Any CPU.ActiveCfg = Debug|Any CPU
		{A92B6853-8285-7FD3-DF06-2C35B2B7D05D}.Debug|Any CPU.Build.0 = Debug|Any CPU
		{A92B6853-8285-7FD3-DF06-2C35B2B7D05D}.Release|Any CPU.ActiveCfg = Release|Any CPU
		{A92B6853-8285-7FD3-DF06-2C35B2B7D05D}.Release|Any CPU.Build.0 = Release|Any CPU
		{32574AF4-DA95-4670-EF39-1CAD4B7FF22A}.Debug|Any CPU.ActiveCfg = Debug|Any CPU
		{32574AF4-DA95-4670-EF39-1CAD4B7FF22A}.Debug|Any CPU.Build.0 = Debug|Any CPU
		{32574AF4-DA95-4670-EF39-1CAD4B7FF22A}.Release|Any CPU.ActiveCfg = Release|Any CPU
		{32574AF4-DA95-4670-EF39-1CAD4B7FF22A}.Release|Any CPU.Build.0 = Release|Any CPU
	EndGlobalSection
	GlobalSection(SolutionProperties) = preSolution
		HideSolutionNode = FALSE
	EndGlobalSection
	GlobalSection(MonoDevelopProperties) = preSolution
		StartupItem = Assembly-CSharp.csproj
	EndGlobalSection
EndGlobal
